
Microsoft Visual Studio Solution File, Format Version 10.00
# Visual Studio 2008
Project("{8BC9CEB8-8B4A-11D0-8D11-00A0C91BC942}") = "MikuMikuGameEngine", "MikuMikuGameEngine\MikuMikuGameEngine.vcproj", "{8B176C92-6F2C-416E-A721-657A137FC7A1}"
EndProject
Global
	GlobalSection(SolutionConfigurationPlatforms) = preSolution
		Debug|Win32 = Debug|Win32
		Release|Win32 = Release|Win32
	EndGlobalSection
	GlobalSection(ProjectConfigurationPlatforms) = postSolution
		{8B176C92-6F2C-416E-A721-657A137FC7A1}.Debug|Win32.ActiveCfg = Debug|Win32
		{8B176C92-6F2C-416E-A721-657A137FC7A1}.Debug|Win32.Build.0 = Debug|Win32
		{8B176C92-6F2C-416E-A721-657A137FC7A1}.Release|Win32.ActiveCfg = Release|Win32
		{8B176C92-6F2C-416E-A721-657A137FC7A1}.Release|Win32.Build.0 = Release|Win32
	EndGlobalSection
	GlobalSection(SolutionProperties) = preSolution
		HideSolutionNode = FALSE
	EndGlobalSection
EndGlobal
